// !$*UTF8*$!
{
	archiveVersion = 1;
	classes = {
	};
	objectVersion = 50;
	objects = {

/* Begin PBXBuildFile section */
		95486CD6229368B200690EC7 /* Graph.cpp in Sources */ = {isa = PBXBuildFile; fileRef = 95486CD4229368B200690EC7 /* Graph.cpp */; };
		95486CD9229368C000690EC7 /* BinaryTree.cpp in Sources */ = {isa = PBXBuildFile; fileRef = 95486CD7229368C000690EC7 /* BinaryTree.cpp */; };
		95E8020E228EC30A005D65AE /* main.cpp in Sources */ = {isa = PBXBuildFile; fileRef = 95E8020D228EC30A005D65AE /* main.cpp */; };
		95EB8B6422905CAE00EDBFB4 /* Web_prog.cpp in Sources */ = {isa = PBXBuildFile; fileRef = 95EB8B6222905CAE00EDBFB4 /* Web_prog.cpp */; };
		95EB8B6722905D7200EDBFB4 /* Tree.cpp in Sources */ = {isa = PBXBuildFile; fileRef = 95EB8B6522905D7200EDBFB4 /* Tree.cpp */; };
/* End PBXBuildFile section */

/* Begin PBXCopyFilesBuildPhase section */
		95E80208228EC30A005D65AE /* CopyFiles */ = {
			isa = PBXCopyFilesBuildPhase;
			buildActionMask = 2147483647;
			dstPath = /usr/share/man/man1/;
			dstSubfolderSpec = 0;
			files = (
			);
			runOnlyForDeploymentPostprocessing = 1;
		};
/* End PBXCopyFilesBuildPhase section */

/* Begin PBXFileReference section */
		95486CD4229368B200690EC7 /* Graph.cpp */ = {isa = PBXFileReference; lastKnownFileType = sourcecode.cpp.cpp; path = Graph.cpp; sourceTree = "<group>"; };
		95486CD5229368B200690EC7 /* Graph.hpp */ = {isa = PBXFileReference; lastKnownFileType = sourcecode.cpp.h; path = Graph.hpp; sourceTree = "<group>"; };
		95486CD7229368C000690EC7 /* BinaryTree.cpp */ = {isa = PBXFileReference; lastKnownFileType = sourcecode.cpp.cpp; path = BinaryTree.cpp; sourceTree = "<group>"; };
		95486CD8229368C000690EC7 /* BinaryTree.hpp */ = {isa = PBXFileReference; lastKnownFileType = sourcecode.cpp.h; path = BinaryTree.hpp; sourceTree = "<group>"; };
		95E8020A228EC30A005D65AE /* WebProg */ = {isa = PBXFileReference; explicitFileType = "compiled.mach-o.executable"; includeInIndex = 0; path = WebProg; sourceTree = BUILT_PRODUCTS_DIR; };
		95E8020D228EC30A005D65AE /* main.cpp */ = {isa = PBXFileReference; lastKnownFileType = sourcecode.cpp.cpp; path = main.cpp; sourceTree = "<group>"; };
		95EB8B6222905CAE00EDBFB4 /* Web_prog.cpp */ = {isa = PBXFileReference; lastKnownFileType = sourcecode.cpp.cpp; path = Web_prog.cpp; sourceTree = "<group>"; };
		95EB8B6322905CAE00EDBFB4 /* Web_prog.hpp */ = {isa = PBXFileReference; lastKnownFileType = sourcecode.cpp.h; path = Web_prog.hpp; sourceTree = "<group>"; };
		95EB8B6522905D7200EDBFB4 /* Tree.cpp */ = {isa = PBXFileReference; lastKnownFileType = sourcecode.cpp.cpp; path = Tree.cpp; sourceTree = "<group>"; };
		95EB8B6622905D7200EDBFB4 /* Tree.hpp */ = {isa = PBXFileReference; lastKnownFileType = sourcecode.cpp.h; path = Tree.hpp; sourceTree = "<group>"; };
/* End PBXFileReference section */

/* Begin PBXFrameworksBuildPhase section */
		95E80207228EC30A005D65AE /* Frameworks */ = {
			isa = PBXFrameworksBuildPhase;
			buildActionMask = 2147483647;
			files = (
			);
			runOnlyForDeploymentPostprocessing = 0;
		};
/* End PBXFrameworksBuildPhase section */

/* Begin PBXGroup section */
		95E80201228EC30A005D65AE = {
			isa = PBXGroup;
			children = (
				95E8020C228EC30A005D65AE /* WebProg */,
				95E8020B228EC30A005D65AE /* Products */,
			);
			sourceTree = "<group>";
		};
		95E8020B228EC30A005D65AE /* Products */ = {
			isa = PBXGroup;
			children = (
				95E8020A228EC30A005D65AE /* WebProg */,
			);
			name = Products;
			sourceTree = "<group>";
		};
		95E8020C228EC30A005D65AE /* WebProg */ = {
			isa = PBXGroup;
			children = (
				95E8020D228EC30A005D65AE /* main.cpp */,
				95486CD7229368C000690EC7 /* BinaryTree.cpp */,
				95486CD8229368C000690EC7 /* BinaryTree.hpp */,
				95486CD4229368B200690EC7 /* Graph.cpp */,
				95486CD5229368B200690EC7 /* Graph.hpp */,
				95EB8B6222905CAE00EDBFB4 /* Web_prog.cpp */,
				95EB8B6322905CAE00EDBFB4 /* Web_prog.hpp */,
				95EB8B6522905D7200EDBFB4 /* Tree.cpp */,
				95EB8B6622905D7200EDBFB4 /* Tree.hpp */,
			);
			path = WebProg;
			sourceTree = "<group>";
		};
/* End PBXGroup section */

/* Begin PBXNativeTarget section */
		95E80209228EC30A005D65AE /* WebProg */ = {
			isa = PBXNativeTarget;
			buildConfigurationList = 95E80211228EC30A005D65AE /* Build configuration list for PBXNativeTarget "WebProg" */;
			buildPhases = (
				95E80206228EC30A005D65AE /* Sources */,
				95E80207228EC30A005D65AE /* Frameworks */,
				95E80208228EC30A005D65AE /* CopyFiles */,
			);
			buildRules = (
			);
			dependencies = (
			);
			name = WebProg;
			productName = WebProg;
			productReference = 95E8020A228EC30A005D65AE /* WebProg */;
			productType = "com.apple.product-type.tool";
		};
/* End PBXNativeTarget section */

/* Begin PBXProject section */
		95E80202228EC30A005D65AE /* Project object */ = {
			isa = PBXProject;
			attributes = {
				LastUpgradeCheck = 1020;
				ORGANIZATIONNAME = "Marina Polishchuk";
				TargetAttributes = {
					95E80209228EC30A005D65AE = {
						CreatedOnToolsVersion = 10.2.1;
					};
				};
			};
			buildConfigurationList = 95E80205228EC30A005D65AE /* Build configuration list for PBXProject "WebProg" */;
			compatibilityVersion = "Xcode 9.3";
			developmentRegion = en;
			hasScannedForEncodings = 0;
			knownRegions = (
				en,
			);
			mainGroup = 95E80201228EC30A005D65AE;
			productRefGroup = 95E8020B228EC30A005D65AE /* Products */;
			projectDirPath = "";
			projectRoot = "";
			targets = (
				95E80209228EC30A005D65AE /* WebProg */,
			);
		};
/* End PBXProject section */

/* Begin PBXSourcesBuildPhase section */
		95E80206228EC30A005D65AE /* Sources */ = {
			isa = PBXSourcesBuildPhase;
			buildActionMask = 2147483647;
			files = (
				95486CD6229368B200690EC7 /* Graph.cpp in Sources */,
				95EB8B6722905D7200EDBFB4 /* Tree.cpp in Sources */,
				95EB8B6422905CAE00EDBFB4 /* Web_prog.cpp in Sources */,
				95E8020E228EC30A005D65AE /* main.cpp in Sources */,
				95486CD9229368C000690EC7 /* BinaryTree.cpp in Sources */,
			);
			runOnlyForDeploymentPostprocessing = 0;
		};
/* End PBXSourcesBuildPhase section */

/* Begin XCBuildConfiguration section */
		95E8020F228EC30A005D65AE /* Debug */ = {
			isa = XCBuildConfiguration;
			buildSettings = {
				ALWAYS_SEARCH_USER_PATHS = NO;
				CLANG_ANALYZER_NONNULL = YES;
				CLANG_ANALYZER_NUMBER_OBJECT_CONVERSION = YES_AGGRESSIVE;
				CLANG_CXX_LANGUAGE_STANDARD = "gnu++14";
				CLANG_CXX_LIBRARY = "libc++";
				CLANG_ENABLE_MODULES = YES;
				CLANG_ENABLE_OBJC_ARC = YES;
				CLANG_ENABLE_OBJC_WEAK = YES;
				CLANG_WARN_BLOCK_CAPTURE_AUTORELEASING = YES;
				CLANG_WARN_BOOL_CONVERSION = YES;
				CLANG_WARN_COMMA = YES;
				CLANG_WARN_CONSTANT_CONVERSION = YES;
				CLANG_WARN_DEPRECATED_OBJC_IMPLEMENTATIONS = YES;
				CLANG_WARN_DIRECT_OBJC_ISA_USAGE = YES_ERROR;
				CLANG_WARN_DOCUMENTATION_COMMENTS = YES;
				CLANG_WARN_EMPTY_BODY = YES;
				CLANG_WARN_ENUM_CONVERSION = YES;
				CLANG_WARN_INFINITE_RECURSION = YES;
				CLANG_WARN_INT_CONVERSION = YES;
				CLANG_WARN_NON_LITERAL_NULL_CONVERSION = YES;
				CLANG_WARN_OBJC_IMPLICIT_RETAIN_SELF = YES;
				CLANG_WARN_OBJC_LITERAL_CONVERSION = YES;
				CLANG_WARN_OBJC_ROOT_CLASS = YES_ERROR;
				CLANG_WARN_RANGE_LOOP_ANALYSIS = YES;
				CLANG_WARN_STRICT_PROTOTYPES = YES;
				CLANG_WARN_SUSPICIOUS_MOVE = YES;
				CLANG_WARN_UNGUARDED_AVAILABILITY = YES_AGGRESSIVE;
				CLANG_WARN_UNREACHABLE_CODE = YES;
				CLANG_WARN__DUPLICATE_METHOD_MATCH = YES;
				CODE_SIGN_IDENTITY = "-";
				COPY_PHASE_STRIP = NO;
				DEBUG_INFORMATION_FORMAT = dwarf;
				ENABLE_STRICT_OBJC_MSGSEND = YES;
				ENABLE_TESTABILITY = YES;
				GCC_C_LANGUAGE_STANDARD = gnu11;
				GCC_DYNAMIC_NO_PIC = NO;
				GCC_NO_COMMON_BLOCKS = YES;
				GCC_OPTIMIZATION_LEVEL = 0;
				GCC_PREPROCESSOR_DEFINITIONS = (
					"DEBUG=1",
					"$(inherited)",
				);
				GCC_WARN_64_TO_32_BIT_CONVERSION = YES;
				GCC_WARN_ABOUT_RETURN_TYPE = YES_ERROR;
				GCC_WARN_UNDECLARED_SELECTOR = YES;
				GCC_WARN_UNINITIALIZED_AUTOS = YES_AGGRESSIVE;
				GCC_WARN_UNUSED_FUNCTION = YES;
				GCC_WARN_UNUSED_VARIABLE = YES;
				MACOSX_DEPLOYMENT_TARGET = 10.14;
				MTL_ENABLE_DEBUG_INFO = INCLUDE_SOURCE;
				MTL_FAST_MATH = YES;
				ONLY_ACTIVE_ARCH = YES;
				SDKROOT = macosx;
			};
			name = Debug;
		};
		95E80210228EC30A005D65AE /* Release */ = {
			isa = XCBuildConfiguration;
			buildSettings = {
				ALWAYS_SEARCH_USER_PATHS = NO;
				CLANG_ANALYZER_NONNULL = YES;
				CLANG_ANALYZER_NUMBER_OBJECT_CONVERSION = YES_AGGRESSIVE;
				CLANG_CXX_LANGUAGE_STANDARD = "gnu++14";
				CLANG_CXX_LIBRARY = "libc++";
				CLANG_ENABLE_MODULES = YES;
				CLANG_ENABLE_OBJC_ARC = YES;
				CLANG_ENABLE_OBJC_WEAK = YES;
				CLANG_WARN_BLOCK_CAPTURE_AUTORELEASING = YES;
				CLANG_WARN_BOOL_CONVERSION = YES;
				CLANG_WARN_COMMA = YES;
				CLANG_WARN_CONSTANT_CONVERSION = YES;
				CLANG_WARN_DEPRECATED_OBJC_IMPLEMENTATIONS = YES;
				CLANG_WARN_DIRECT_OBJC_ISA_USAGE = YES_ERROR;
				CLANG_WARN_DOCUMENTATION_COMMENTS = YES;
				CLANG_WARN_EMPTY_BODY = YES;
				CLANG_WARN_ENUM_CONVERSION = YES;
				CLANG_WARN_INFINITE_RECURSION = YES;
				CLANG_WARN_INT_CONVERSION = YES;
				CLANG_WARN_NON_LITERAL_NULL_CONVERSION = YES;
				CLANG_WARN_OBJC_IMPLICIT_RETAIN_SELF = YES;
				CLANG_WARN_OBJC_LITERAL_CONVERSION = YES;
				CLANG_WARN_OBJC_ROOT_CLASS = YES_ERROR;
				CLANG_WARN_RANGE_LOOP_ANALYSIS = YES;
				CLANG_WARN_STRICT_PROTOTYPES = YES;
				CLANG_WARN_SUSPICIOUS_MOVE = YES;
				CLANG_WARN_UNGUARDED_AVAILABILITY = YES_AGGRESSIVE;
				CLANG_WARN_UNREACHABLE_CODE = YES;
				CLANG_WARN__DUPLICATE_METHOD_MATCH = YES;
				CODE_SIGN_IDENTITY = "-";
				COPY_PHASE_STRIP = NO;
				DEBUG_INFORMATION_FORMAT = "dwarf-with-dsym";
				ENABLE_NS_ASSERTIONS = NO;
				ENABLE_STRICT_OBJC_MSGSEND = YES;
				GCC_C_LANGUAGE_STANDARD = gnu11;
				GCC_NO_COMMON_BLOCKS = YES;
				GCC_WARN_64_TO_32_BIT_CONVERSION = YES;
				GCC_WARN_ABOUT_RETURN_TYPE = YES_ERROR;
				GCC_WARN_UNDECLARED_SELECTOR = YES;
				GCC_WARN_UNINITIALIZED_AUTOS = YES_AGGRESSIVE;
				GCC_WARN_UNUSED_FUNCTION = YES;
				GCC_WARN_UNUSED_VARIABLE = YES;
				MACOSX_DEPLOYMENT_TARGET = 10.14;
				MTL_ENABLE_DEBUG_INFO = NO;
				MTL_FAST_MATH = YES;
				SDKROOT = macosx;
			};
			name = Release;
		};
		95E80212228EC30A005D65AE /* Debug */ = {
			isa = XCBuildConfiguration;
			buildSettings = {
				CODE_SIGN_STYLE = Automatic;
				PRODUCT_NAME = "$(TARGET_NAME)";
			};
			name = Debug;
		};
		95E80213228EC30A005D65AE /* Release */ = {
			isa = XCBuildConfiguration;
			buildSettings = {
				CODE_SIGN_STYLE = Automatic;
				PRODUCT_NAME = "$(TARGET_NAME)";
			};
			name = Release;
		};
/* End XCBuildConfiguration section */

/* Begin XCConfigurationList section */
		95E80205228EC30A005D65AE /* Build configuration list for PBXProject "WebProg" */ = {
			isa = XCConfigurationList;
			buildConfigurations = (
				95E8020F228EC30A005D65AE /* Debug */,
				95E80210228EC30A005D65AE /* Release */,
			);
			defaultConfigurationIsVisible = 0;
			defaultConfigurationName = Release;
		};
		95E80211228EC30A005D65AE /* Build configuration list for PBXNativeTarget "WebProg" */ = {
			isa = XCConfigurationList;
			buildConfigurations = (
				95E80212228EC30A005D65AE /* Debug */,
				95E80213228EC30A005D65AE /* Release */,
			);
			defaultConfigurationIsVisible = 0;
			defaultConfigurationName = Release;
		};
/* End XCConfigurationList section */
	};
	rootObject = 95E80202228EC30A005D65AE /* Project object */;
}
